{
  "name": "expense-tracker",
  "version": "0.0.1",
  "lockfileVersion": 3,
  "requires": true,
  "packages": {
    "": {
      "name": "expense-tracker",
      "version": "0.0.1",
      "license": "ISC",
      "dependencies": {
        "undici-types": "^5.26.5"
      },
      "devDependencies": {
        "turbo": "^2.0.9"
      }
    },
    "node_modules/turbo": {
      "version": "2.0.9",
      "resolved": "https://registry.npmjs.org/turbo/-/turbo-2.0.9.tgz",
      "integrity": "sha512-QaLaUL1CqblSKKPgLrFW3lZWkWG4pGBQNW+q1ScJB5v1D/nFWtsrD/yZljW/bdawg90ihi4/ftQJ3h6fz1FamA==",
      "dev": true,
      "bin": {
        "turbo": "bin/turbo"
      },
      "optionalDependencies": {
        "turbo-darwin-64": "2.0.9",
        "turbo-darwin-arm64": "2.0.9",
        "turbo-linux-64": "2.0.9",
        "turbo-linux-arm64": "2.0.9",
        "turbo-windows-64": "2.0.9",
        "turbo-windows-arm64": "2.0.9"
      }
    },
    "node_modules/turbo-windows-64": {
      "version": "2.0.9",
      "resolved": "https://registry.npmjs.org/turbo-windows-64/-/turbo-windows-64-2.0.9.tgz",
      "integrity": "sha512-ZVo0apxUvaRq4Vm1qhsfqKKhtRgReYlBVf9MQvVU1O9AoyydEQvLDO1ryqpXDZWpcHoFxHAQc9msjAMtE5K2lA==",
      "cpu": [
        "x64"
      ],
      "dev": true,
      "optional": true,
      "os": [
        "win32"
      ]
    },
    "node_modules/undici-types": {
      "version": "5.28.4",
      "resolved": "https://registry.npmjs.org/undici-types/-/undici-types-5.28.4.tgz",
      "integrity": "sha512-3OeMF5Lyowe8VW0skf5qaIE7Or3yS9LS7fvMUI0gg4YxpIBVg0L8BxCmROw2CcYhSkpR68Epz7CGc8MPj94Uww=="
    }
  }
}
